{
  "originHash" : "c2fa9fc2f06dd083bbf3d14ab8c893837934f5a1ac8ba74cbc6896c5b21187cb",
  "pins" : [
    {
      "identity" : "swifterswift",
      "kind" : "remoteSourceControl",
      "location" : "https://github.com/SwifterSwift/SwifterSwift.git",
      "state" : {
        "revision" : "5d948a15446bddb6c367bc7e7100cfcbaa0e9b57",
        "version" : "8.0.0"
      }
    },
    {
      "identity" : "swiftyuserdefaults",
      "kind" : "remoteSourceControl",
      "location" : "https://github.com/sunshinejr/SwiftyUserDefaults.git",
      "state" : {
        "revision" : "f66bcd04088582c8fbb5cb8554d577e303bae396",
        "version" : "5.3.0"
      }
    }
  ],
  "version" : 3
}
